{
  "name": "library-wx",
  "version": "1.0.0",
  "lockfileVersion": 1,
  "requires": true,
  "dependencies": {
    "@miniprogram-component-plus/tabs": {
      "version": "1.0.0",
      "resolved": "https://registry.npm.taobao.org/@miniprogram-component-plus/tabs/download/@miniprogram-component-plus/tabs-1.0.0.tgz",
      "integrity": "sha1-y/a04858SsiteQqES0BxVfB9ntc="
    },
    "@vant/weapp": {
      "version": "1.6.0",
      "resolved": "https://registry.npm.taobao.org/@vant/weapp/download/@vant/weapp-1.6.0.tgz",
      "integrity": "sha1-mXEJqzAkhK3TxZpQ4iDlbeiVnhQ="
    },
    "weui-miniprogram": {
      "version": "1.0.6",
      "resolved": "https://registry.npm.taobao.org/weui-miniprogram/download/weui-miniprogram-1.0.6.tgz",
      "integrity": "sha1-JnQ4JOD3m5LkQXo9s9F/djHYgNw="
    },
    "wux-weapp": {
      "version": "3.8.7",
      "resolved": "https://registry.npm.taobao.org/wux-weapp/download/wux-weapp-3.8.7.tgz",
      "integrity": "sha1-RVFrJBhNBO6d8ztxr8FPtIJipQw="
    }
  }
}
